// !$*UTF8*$!
{
	archiveVersion = 1;
	classes = {
	};
	objectVersion = 77;
	objects = {

/* Begin PBXContainerItemProxy section */
		3267B6032E03FCBA0091DD81 /* PBXContainerItemProxy */ = {
			isa = PBXContainerItemProxy;
			containerPortal = 3267B5ED2E03FCB80091DD81 /* Project object */;
			proxyType = 1;
			remoteGlobalIDString = 3267B5F42E03FCB80091DD81;
			remoteInfo = "edts-quiz-animation-swift-ui";
		};
		3267B60D2E03FCBA0091DD81 /* PBXContainerItemProxy */ = {
			isa = PBXContainerItemProxy;
			containerPortal = 3267B5ED2E03FCB80091DD81 /* Project object */;
			proxyType = 1;
			remoteGlobalIDString = 3267B5F42E03FCB80091DD81;
			remoteInfo = "edts-quiz-animation-swift-ui";
		};
/* End PBXContainerItemProxy section */

/* Begin PBXFileReference section */
		3267B5F52E03FCB80091DD81 /* edts-quiz-animation-swift-ui.app */ = {isa = PBXFileReference; explicitFileType = wrapper.application; includeInIndex = 0; path = "edts-quiz-animation-swift-ui.app"; sourceTree = BUILT_PRODUCTS_DIR; };
		3267B6022E03FCBA0091DD81 /* edts-quiz-animation-swift-uiTests.xctest */ = {isa = PBXFileReference; explicitFileType = wrapper.cfbundle; includeInIndex = 0; path = "edts-quiz-animation-swift-uiTests.xctest"; sourceTree = BUILT_PRODUCTS_DIR; };
		3267B60C2E03FCBA0091DD81 /* edts-quiz-animation-swift-uiUITests.xctest */ = {isa = PBXFileReference; explicitFileType = wrapper.cfbundle; includeInIndex = 0; path = "edts-quiz-animation-swift-uiUITests.xctest"; sourceTree = BUILT_PRODUCTS_DIR; };
/* End PBXFileReference section */

/* Begin PBXFileSystemSynchronizedRootGroup section */
		3267B5F72E03FCB80091DD81 /* edts-quiz-animation-swift-ui */ = {
			isa = PBXFileSystemSynchronizedRootGroup;
			path = "edts-quiz-animation-swift-ui";
			sourceTree = "<group>";
		};
		3267B6052E03FCBA0091DD81 /* edts-quiz-animation-swift-uiTests */ = {
			isa = PBXFileSystemSynchronizedRootGroup;
			path = "edts-quiz-animation-swift-uiTests";
			sourceTree = "<group>";
		};
		3267B60F2E03FCBA0091DD81 /* edts-quiz-animation-swift-uiUITests */ = {
			isa = PBXFileSystemSynchronizedRootGroup;
			path = "edts-quiz-animation-swift-uiUITests";
			sourceTree = "<group>";
		};
/* End PBXFileSystemSynchronizedRootGroup section */

/* Begin PBXFrameworksBuildPhase section */
		3267B5F22E03FCB80091DD81 /* Frameworks */ = {
			isa = PBXFrameworksBuildPhase;
			buildActionMask = 2147483647;
			files = (
			);
			runOnlyForDeploymentPostprocessing = 0;
		};
		3267B5FF2E03FCBA0091DD81 /* Frameworks */ = {
			isa = PBXFrameworksBuildPhase;
			buildActionMask = 2147483647;
			files = (
			);
			runOnlyForDeploymentPostprocessing = 0;
		};
		3267B6092E03FCBA0091DD81 /* Frameworks */ = {
			isa = PBXFrameworksBuildPhase;
			buildActionMask = 2147483647;
			files = (
			);
			runOnlyForDeploymentPostprocessing = 0;
		};
/* End PBXFrameworksBuildPhase section */

/* Begin PBXGroup section */
		3267B5EC2E03FCB80091DD81 = {
			isa = PBXGroup;
			children = (
				3267B5F72E03FCB80091DD81 /* edts-quiz-animation-swift-ui */,
				3267B6052E03FCBA0091DD81 /* edts-quiz-animation-swift-uiTests */,
				3267B60F2E03FCBA0091DD81 /* edts-quiz-animation-swift-uiUITests */,
				3267B5F62E03FCB80091DD81 /* Products */,
			);
			sourceTree = "<group>";
		};
		3267B5F62E03FCB80091DD81 /* Products */ = {
			isa = PBXGroup;
			children = (
				3267B5F52E03FCB80091DD81 /* edts-quiz-animation-swift-ui.app */,
				3267B6022E03FCBA0091DD81 /* edts-quiz-animation-swift-uiTests.xctest */,
				3267B60C2E03FCBA0091DD81 /* edts-quiz-animation-swift-uiUITests.xctest */,
			);
			name = Products;
			sourceTree = "<group>";
		};
/* End PBXGroup section */

/* Begin PBXNativeTarget section */
		3267B5F42E03FCB80091DD81 /* edts-quiz-animation-swift-ui */ = {
			isa = PBXNativeTarget;
			buildConfigurationList = 3267B6162E03FCBA0091DD81 /* Build configuration list for PBXNativeTarget "edts-quiz-animation-swift-ui" */;
			buildPhases = (
				3267B5F12E03FCB80091DD81 /* Sources */,
				3267B5F22E03FCB80091DD81 /* Frameworks */,
				3267B5F32E03FCB80091DD81 /* Resources */,
			);
			buildRules = (
			);
			dependencies = (
			);
			fileSystemSynchronizedGroups = (
				3267B5F72E03FCB80091DD81 /* edts-quiz-animation-swift-ui */,
			);
			name = "edts-quiz-animation-swift-ui";
			packageProductDependencies = (
			);
			productName = "edts-quiz-animation-swift-ui";
			productReference = 3267B5F52E03FCB80091DD81 /* edts-quiz-animation-swift-ui.app */;
			productType = "com.apple.product-type.application";
		};
		3267B6012E03FCBA0091DD81 /* edts-quiz-animation-swift-uiTests */ = {
			isa = PBXNativeTarget;
			buildConfigurationList = 3267B6192E03FCBA0091DD81 /* Build configuration list for PBXNativeTarget "edts-quiz-animation-swift-uiTests" */;
			buildPhases = (
				3267B5FE2E03FCBA0091DD81 /* Sources */,
				3267B5FF2E03FCBA0091DD81 /* Frameworks */,
				3267B6002E03FCBA0091DD81 /* Resources */,
			);
			buildRules = (
			);
			dependencies = (
				3267B6042E03FCBA0091DD81 /* PBXTargetDependency */,
			);
			fileSystemSynchronizedGroups = (
				3267B6052E03FCBA0091DD81 /* edts-quiz-animation-swift-uiTests */,
			);
			name = "edts-quiz-animation-swift-uiTests";
			packageProductDependencies = (
			);
			productName = "edts-quiz-animation-swift-uiTests";
			productReference = 3267B6022E03FCBA0091DD81 /* edts-quiz-animation-swift-uiTests.xctest */;
			productType = "com.apple.product-type.bundle.unit-test";
		};
		3267B60B2E03FCBA0091DD81 /* edts-quiz-animation-swift-uiUITests */ = {
			isa = PBXNativeTarget;
			buildConfigurationList = 3267B61C2E03FCBA0091DD81 /* Build configuration list for PBXNativeTarget "edts-quiz-animation-swift-uiUITests" */;
			buildPhases = (
				3267B6082E03FCBA0091DD81 /* Sources */,
				3267B6092E03FCBA0091DD81 /* Frameworks */,
				3267B60A2E03FCBA0091DD81 /* Resources */,
			);
			buildRules = (
			);
			dependencies = (
				3267B60E2E03FCBA0091DD81 /* PBXTargetDependency */,
			);
			fileSystemSynchronizedGroups = (
				3267B60F2E03FCBA0091DD81 /* edts-quiz-animation-swift-uiUITests */,
			);
			name = "edts-quiz-animation-swift-uiUITests";
			packageProductDependencies = (
			);
			productName = "edts-quiz-animation-swift-uiUITests";
			productReference = 3267B60C2E03FCBA0091DD81 /* edts-quiz-animation-swift-uiUITests.xctest */;
			productType = "com.apple.product-type.bundle.ui-testing";
		};
/* End PBXNativeTarget section */

/* Begin PBXProject section */
		3267B5ED2E03FCB80091DD81 /* Project object */ = {
			isa = PBXProject;
			attributes = {
				BuildIndependentTargetsInParallel = 1;
				LastSwiftUpdateCheck = 1640;
				LastUpgradeCheck = 1640;
				TargetAttributes = {
					3267B5F42E03FCB80091DD81 = {
						CreatedOnToolsVersion = 16.4;
					};
					3267B6012E03FCBA0091DD81 = {
						CreatedOnToolsVersion = 16.4;
						TestTargetID = 3267B5F42E03FCB80091DD81;
					};
					3267B60B2E03FCBA0091DD81 = {
						CreatedOnToolsVersion = 16.4;
						TestTargetID = 3267B5F42E03FCB80091DD81;
					};
				};
			};
			buildConfigurationList = 3267B5F02E03FCB80091DD81 /* Build configuration list for PBXProject "edts-quiz-animation-swift-ui" */;
			developmentRegion = en;
			hasScannedForEncodings = 0;
			knownRegions = (
				en,
				Base,
			);
			mainGroup = 3267B5EC2E03FCB80091DD81;
			minimizedProjectReferenceProxies = 1;
			preferredProjectObjectVersion = 77;
			productRefGroup = 3267B5F62E03FCB80091DD81 /* Products */;
			projectDirPath = "";
			projectRoot = "";
			targets = (
				3267B5F42E03FCB80091DD81 /* edts-quiz-animation-swift-ui */,
				3267B6012E03FCBA0091DD81 /* edts-quiz-animation-swift-uiTests */,
				3267B60B2E03FCBA0091DD81 /* edts-quiz-animation-swift-uiUITests */,
			);
		};
/* End PBXProject section */

/* Begin PBXResourcesBuildPhase section */
		3267B5F32E03FCB80091DD81 /* Resources */ = {
			isa = PBXResourcesBuildPhase;
			buildActionMask = 2147483647;
			files = (
			);
			runOnlyForDeploymentPostprocessing = 0;
		};
		3267B6002E03FCBA0091DD81 /* Resources */ = {
			isa = PBXResourcesBuildPhase;
			buildActionMask = 2147483647;
			files = (
			);
			runOnlyForDeploymentPostprocessing = 0;
		};
		3267B60A2E03FCBA0091DD81 /* Resources */ = {
			isa = PBXResourcesBuildPhase;
			buildActionMask = 2147483647;
			files = (
			);
			runOnlyForDeploymentPostprocessing = 0;
		};
/* End PBXResourcesBuildPhase section */

/* Begin PBXSourcesBuildPhase section */
		3267B5F12E03FCB80091DD81 /* Sources */ = {
			isa = PBXSourcesBuildPhase;
			buildActionMask = 2147483647;
			files = (
			);
			runOnlyForDeploymentPostprocessing = 0;
		};
		3267B5FE2E03FCBA0091DD81 /* Sources */ = {
			isa = PBXSourcesBuildPhase;
			buildActionMask = 2147483647;
			files = (
			);
			runOnlyForDeploymentPostprocessing = 0;
		};
		3267B6082E03FCBA0091DD81 /* Sources */ = {
			isa = PBXSourcesBuildPhase;
			buildActionMask = 2147483647;
			files = (
			);
			runOnlyForDeploymentPostprocessing = 0;
		};
/* End PBXSourcesBuildPhase section */

/* Begin PBXTargetDependency section */
		3267B6042E03FCBA0091DD81 /* PBXTargetDependency */ = {
			isa = PBXTargetDependency;
			target = 3267B5F42E03FCB80091DD81 /* edts-quiz-animation-swift-ui */;
			targetProxy = 3267B6032E03FCBA0091DD81 /* PBXContainerItemProxy */;
		};
		3267B60E2E03FCBA0091DD81 /* PBXTargetDependency */ = {
			isa = PBXTargetDependency;
			target = 3267B5F42E03FCB80091DD81 /* edts-quiz-animation-swift-ui */;
			targetProxy = 3267B60D2E03FCBA0091DD81 /* PBXContainerItemProxy */;
		};
/* End PBXTargetDependency section */

/* Begin XCBuildConfiguration section */
		3267B6142E03FCBA0091DD81 /* Debug */ = {
			isa = XCBuildConfiguration;
			buildSettings = {
				ALWAYS_SEARCH_USER_PATHS = NO;
				ASSETCATALOG_COMPILER_GENERATE_SWIFT_ASSET_SYMBOL_EXTENSIONS = YES;
				CLANG_ANALYZER_NONNULL = YES;
				CLANG_ANALYZER_NUMBER_OBJECT_CONVERSION = YES_AGGRESSIVE;
				CLANG_CXX_LANGUAGE_STANDARD = "gnu++20";
				CLANG_ENABLE_MODULES = YES;
				CLANG_ENABLE_OBJC_ARC = YES;
				CLANG_ENABLE_OBJC_WEAK = YES;
				CLANG_WARN_BLOCK_CAPTURE_AUTORELEASING = YES;
				CLANG_WARN_BOOL_CONVERSION = YES;
				CLANG_WARN_COMMA = YES;
				CLANG_WARN_CONSTANT_CONVERSION = YES;
				CLANG_WARN_DEPRECATED_OBJC_IMPLEMENTATIONS = YES;
				CLANG_WARN_DIRECT_OBJC_ISA_USAGE = YES_ERROR;
				CLANG_WARN_DOCUMENTATION_COMMENTS = YES;
				CLANG_WARN_EMPTY_BODY = YES;
				CLANG_WARN_ENUM_CONVERSION = YES;
				CLANG_WARN_INFINITE_RECURSION = YES;
				CLANG_WARN_INT_CONVERSION = YES;
				CLANG_WARN_NON_LITERAL_NULL_CONVERSION = YES;
				CLANG_WARN_OBJC_IMPLICIT_RETAIN_SELF = YES;
				CLANG_WARN_OBJC_LITERAL_CONVERSION = YES;
				CLANG_WARN_OBJC_ROOT_CLASS = YES_ERROR;
				CLANG_WARN_QUOTED_INCLUDE_IN_FRAMEWORK_HEADER = YES;
				CLANG_WARN_RANGE_LOOP_ANALYSIS = YES;
				CLANG_WARN_STRICT_PROTOTYPES = YES;
				CLANG_WARN_SUSPICIOUS_MOVE = YES;
				CLANG_WARN_UNGUARDED_AVAILABILITY = YES_AGGRESSIVE;
				CLANG_WARN_UNREACHABLE_CODE = YES;
				CLANG_WARN__DUPLICATE_METHOD_MATCH = YES;
				COPY_PHASE_STRIP = NO;
				DEBUG_INFORMATION_FORMAT = dwarf;
				ENABLE_STRICT_OBJC_MSGSEND = YES;
				ENABLE_TESTABILITY = YES;
				ENABLE_USER_SCRIPT_SANDBOXING = YES;
				GCC_C_LANGUAGE_STANDARD = gnu17;
				GCC_DYNAMIC_NO_PIC = NO;
				GCC_NO_COMMON_BLOCKS = YES;
				GCC_OPTIMIZATION_LEVEL = 0;
				GCC_PREPROCESSOR_DEFINITIONS = (
					"DEBUG=1",
					"$(inherited)",
				);
				GCC_WARN_64_TO_32_BIT_CONVERSION = YES;
				GCC_WARN_ABOUT_RETURN_TYPE = YES_ERROR;
				GCC_WARN_UNDECLARED_SELECTOR = YES;
				GCC_WARN_UNINITIALIZED_AUTOS = YES_AGGRESSIVE;
				GCC_WARN_UNUSED_FUNCTION = YES;
				GCC_WARN_UNUSED_VARIABLE = YES;
				IPHONEOS_DEPLOYMENT_TARGET = 18.5;
				LOCALIZATION_PREFERS_STRING_CATALOGS = YES;
				MTL_ENABLE_DEBUG_INFO = INCLUDE_SOURCE;
				MTL_FAST_MATH = YES;
				ONLY_ACTIVE_ARCH = YES;
				SDKROOT = iphoneos;
				SWIFT_ACTIVE_COMPILATION_CONDITIONS = "DEBUG $(inherited)";
				SWIFT_OPTIMIZATION_LEVEL = "-Onone";
			};
			name = Debug;
		};
		3267B6152E03FCBA0091DD81 /* Release */ = {
			isa = XCBuildConfiguration;
			buildSettings = {
				ALWAYS_SEARCH_USER_PATHS = NO;
				ASSETCATALOG_COMPILER_GENERATE_SWIFT_ASSET_SYMBOL_EXTENSIONS = YES;
				CLANG_ANALYZER_NONNULL = YES;
				CLANG_ANALYZER_NUMBER_OBJECT_CONVERSION = YES_AGGRESSIVE;
				CLANG_CXX_LANGUAGE_STANDARD = "gnu++20";
				CLANG_ENABLE_MODULES = YES;
				CLANG_ENABLE_OBJC_ARC = YES;
				CLANG_ENABLE_OBJC_WEAK = YES;
				CLANG_WARN_BLOCK_CAPTURE_AUTORELEASING = YES;
				CLANG_WARN_BOOL_CONVERSION = YES;
				CLANG_WARN_COMMA = YES;
				CLANG_WARN_CONSTANT_CONVERSION = YES;
				CLANG_WARN_DEPRECATED_OBJC_IMPLEMENTATIONS = YES;
				CLANG_WARN_DIRECT_OBJC_ISA_USAGE = YES_ERROR;
				CLANG_WARN_DOCUMENTATION_COMMENTS = YES;
				CLANG_WARN_EMPTY_BODY = YES;
				CLANG_WARN_ENUM_CONVERSION = YES;
				CLANG_WARN_INFINITE_RECURSION = YES;
				CLANG_WARN_INT_CONVERSION = YES;
				CLANG_WARN_NON_LITERAL_NULL_CONVERSION = YES;
				CLANG_WARN_OBJC_IMPLICIT_RETAIN_SELF = YES;
				CLANG_WARN_OBJC_LITERAL_CONVERSION = YES;
				CLANG_WARN_OBJC_ROOT_CLASS = YES_ERROR;
				CLANG_WARN_QUOTED_INCLUDE_IN_FRAMEWORK_HEADER = YES;
				CLANG_WARN_RANGE_LOOP_ANALYSIS = YES;
				CLANG_WARN_STRICT_PROTOTYPES = YES;
				CLANG_WARN_SUSPICIOUS_MOVE = YES;
				CLANG_WARN_UNGUARDED_AVAILABILITY = YES_AGGRESSIVE;
				CLANG_WARN_UNREACHABLE_CODE = YES;
				CLANG_WARN__DUPLICATE_METHOD_MATCH = YES;
				COPY_PHASE_STRIP = NO;
				DEBUG_INFORMATION_FORMAT = "dwarf-with-dsym";
				ENABLE_NS_ASSERTIONS = NO;
				ENABLE_STRICT_OBJC_MSGSEND = YES;
				ENABLE_USER_SCRIPT_SANDBOXING = YES;
				GCC_C_LANGUAGE_STANDARD = gnu17;
				GCC_NO_COMMON_BLOCKS = YES;
				GCC_WARN_64_TO_32_BIT_CONVERSION = YES;
				GCC_WARN_ABOUT_RETURN_TYPE = YES_ERROR;
				GCC_WARN_UNDECLARED_SELECTOR = YES;
				GCC_WARN_UNINITIALIZED_AUTOS = YES_AGGRESSIVE;
				GCC_WARN_UNUSED_FUNCTION = YES;
				GCC_WARN_UNUSED_VARIABLE = YES;
				IPHONEOS_DEPLOYMENT_TARGET = 18.5;
				LOCALIZATION_PREFERS_STRING_CATALOGS = YES;
				MTL_ENABLE_DEBUG_INFO = NO;
				MTL_FAST_MATH = YES;
				SDKROOT = iphoneos;
				SWIFT_COMPILATION_MODE = wholemodule;
				VALIDATE_PRODUCT = YES;
			};
			name = Release;
		};
		3267B6172E03FCBA0091DD81 /* Debug */ = {
			isa = XCBuildConfiguration;
			buildSettings = {
				ASSETCATALOG_COMPILER_APPICON_NAME = AppIcon;
				ASSETCATALOG_COMPILER_GLOBAL_ACCENT_COLOR_NAME = AccentColor;
				CODE_SIGN_STYLE = Automatic;
				CURRENT_PROJECT_VERSION = 1;
				ENABLE_PREVIEWS = YES;
				GENERATE_INFOPLIST_FILE = YES;
				INFOPLIST_KEY_UIApplicationSceneManifest_Generation = YES;
				INFOPLIST_KEY_UIApplicationSupportsIndirectInputEvents = YES;
				INFOPLIST_KEY_UILaunchScreen_Generation = YES;
				INFOPLIST_KEY_UISupportedInterfaceOrientations_iPad = "UIInterfaceOrientationPortrait UIInterfaceOrientationPortraitUpsideDown UIInterfaceOrientationLandscapeLeft UIInterfaceOrientationLandscapeRight";
				INFOPLIST_KEY_UISupportedInterfaceOrientations_iPhone = "UIInterfaceOrientationPortrait UIInterfaceOrientationLandscapeLeft UIInterfaceOrientationLandscapeRight";
				LD_RUNPATH_SEARCH_PATHS = (
					"$(inherited)",
					"@executable_path/Frameworks",
				);
				MARKETING_VERSION = 1.0;
				PRODUCT_BUNDLE_IDENTIFIER = "fauzanspratama.edts-quiz-animation-swift-ui";
				PRODUCT_NAME = "$(TARGET_NAME)";
				SWIFT_EMIT_LOC_STRINGS = YES;
				SWIFT_VERSION = 5.0;
				TARGETED_DEVICE_FAMILY = "1,2";
			};
			name = Debug;
		};
		3267B6182E03FCBA0091DD81 /* Release */ = {
			isa = XCBuildConfiguration;
			buildSettings = {
				ASSETCATALOG_COMPILER_APPICON_NAME = AppIcon;
				ASSETCATALOG_COMPILER_GLOBAL_ACCENT_COLOR_NAME = AccentColor;
				CODE_SIGN_STYLE = Automatic;
				CURRENT_PROJECT_VERSION = 1;
				ENABLE_PREVIEWS = YES;
				GENERATE_INFOPLIST_FILE = YES;
				INFOPLIST_KEY_UIApplicationSceneManifest_Generation = YES;
				INFOPLIST_KEY_UIApplicationSupportsIndirectInputEvents = YES;
				INFOPLIST_KEY_UILaunchScreen_Generation = YES;
				INFOPLIST_KEY_UISupportedInterfaceOrientations_iPad = "UIInterfaceOrientationPortrait UIInterfaceOrientationPortraitUpsideDown UIInterfaceOrientationLandscapeLeft UIInterfaceOrientationLandscapeRight";
				INFOPLIST_KEY_UISupportedInterfaceOrientations_iPhone = "UIInterfaceOrientationPortrait UIInterfaceOrientationLandscapeLeft UIInterfaceOrientationLandscapeRight";
				LD_RUNPATH_SEARCH_PATHS = (
					"$(inherited)",
					"@executable_path/Frameworks",
				);
				MARKETING_VERSION = 1.0;
				PRODUCT_BUNDLE_IDENTIFIER = "fauzanspratama.edts-quiz-animation-swift-ui";
				PRODUCT_NAME = "$(TARGET_NAME)";
				SWIFT_EMIT_LOC_STRINGS = YES;
				SWIFT_VERSION = 5.0;
				TARGETED_DEVICE_FAMILY = "1,2";
			};
			name = Release;
		};
		3267B61A2E03FCBA0091DD81 /* Debug */ = {
			isa = XCBuildConfiguration;
			buildSettings = {
				BUNDLE_LOADER = "$(TEST_HOST)";
				CODE_SIGN_STYLE = Automatic;
				CURRENT_PROJECT_VERSION = 1;
				GENERATE_INFOPLIST_FILE = YES;
				IPHONEOS_DEPLOYMENT_TARGET = 18.5;
				MARKETING_VERSION = 1.0;
				PRODUCT_BUNDLE_IDENTIFIER = "fauzanspratama.edts-quiz-animation-swift-uiTests";
				PRODUCT_NAME = "$(TARGET_NAME)";
				SWIFT_EMIT_LOC_STRINGS = NO;
				SWIFT_VERSION = 5.0;
				TARGETED_DEVICE_FAMILY = "1,2";
				TEST_HOST = "$(BUILT_PRODUCTS_DIR)/edts-quiz-animation-swift-ui.app/$(BUNDLE_EXECUTABLE_FOLDER_PATH)/edts-quiz-animation-swift-ui";
			};
			name = Debug;
		};
		3267B61B2E03FCBA0091DD81 /* Release */ = {
			isa = XCBuildConfiguration;
			buildSettings = {
				BUNDLE_LOADER = "$(TEST_HOST)";
				CODE_SIGN_STYLE = Automatic;
				CURRENT_PROJECT_VERSION = 1;
				GENERATE_INFOPLIST_FILE = YES;
				IPHONEOS_DEPLOYMENT_TARGET = 18.5;
				MARKETING_VERSION = 1.0;
				PRODUCT_BUNDLE_IDENTIFIER = "fauzanspratama.edts-quiz-animation-swift-uiTests";
				PRODUCT_NAME = "$(TARGET_NAME)";
				SWIFT_EMIT_LOC_STRINGS = NO;
				SWIFT_VERSION = 5.0;
				TARGETED_DEVICE_FAMILY = "1,2";
				TEST_HOST = "$(BUILT_PRODUCTS_DIR)/edts-quiz-animation-swift-ui.app/$(BUNDLE_EXECUTABLE_FOLDER_PATH)/edts-quiz-animation-swift-ui";
			};
			name = Release;
		};
		3267B61D2E03FCBA0091DD81 /* Debug */ = {
			isa = XCBuildConfiguration;
			buildSettings = {
				CODE_SIGN_STYLE = Automatic;
				CURRENT_PROJECT_VERSION = 1;
				GENERATE_INFOPLIST_FILE = YES;
				MARKETING_VERSION = 1.0;
				PRODUCT_BUNDLE_IDENTIFIER = "fauzanspratama.edts-quiz-animation-swift-uiUITests";
				PRODUCT_NAME = "$(TARGET_NAME)";
				SWIFT_EMIT_LOC_STRINGS = NO;
				SWIFT_VERSION = 5.0;
				TARGETED_DEVICE_FAMILY = "1,2";
				TEST_TARGET_NAME = "edts-quiz-animation-swift-ui";
			};
			name = Debug;
		};
		3267B61E2E03FCBA0091DD81 /* Release */ = {
			isa = XCBuildConfiguration;
			buildSettings = {
				CODE_SIGN_STYLE = Automatic;
				CURRENT_PROJECT_VERSION = 1;
				GENERATE_INFOPLIST_FILE = YES;
				MARKETING_VERSION = 1.0;
				PRODUCT_BUNDLE_IDENTIFIER = "fauzanspratama.edts-quiz-animation-swift-uiUITests";
				PRODUCT_NAME = "$(TARGET_NAME)";
				SWIFT_EMIT_LOC_STRINGS = NO;
				SWIFT_VERSION = 5.0;
				TARGETED_DEVICE_FAMILY = "1,2";
				TEST_TARGET_NAME = "edts-quiz-animation-swift-ui";
			};
			name = Release;
		};
/* End XCBuildConfiguration section */

/* Begin XCConfigurationList section */
		3267B5F02E03FCB80091DD81 /* Build configuration list for PBXProject "edts-quiz-animation-swift-ui" */ = {
			isa = XCConfigurationList;
			buildConfigurations = (
				3267B6142E03FCBA0091DD81 /* Debug */,
				3267B6152E03FCBA0091DD81 /* Release */,
			);
			defaultConfigurationIsVisible = 0;
			defaultConfigurationName = Release;
		};
		3267B6162E03FCBA0091DD81 /* Build configuration list for PBXNativeTarget "edts-quiz-animation-swift-ui" */ = {
			isa = XCConfigurationList;
			buildConfigurations = (
				3267B6172E03FCBA0091DD81 /* Debug */,
				3267B6182E03FCBA0091DD81 /* Release */,
			);
			defaultConfigurationIsVisible = 0;
			defaultConfigurationName = Release;
		};
		3267B6192E03FCBA0091DD81 /* Build configuration list for PBXNativeTarget "edts-quiz-animation-swift-uiTests" */ = {
			isa = XCConfigurationList;
			buildConfigurations = (
				3267B61A2E03FCBA0091DD81 /* Debug */,
				3267B61B2E03FCBA0091DD81 /* Release */,
			);
			defaultConfigurationIsVisible = 0;
			defaultConfigurationName = Release;
		};
		3267B61C2E03FCBA0091DD81 /* Build configuration list for PBXNativeTarget "edts-quiz-animation-swift-uiUITests" */ = {
			isa = XCConfigurationList;
			buildConfigurations = (
				3267B61D2E03FCBA0091DD81 /* Debug */,
				3267B61E2E03FCBA0091DD81 /* Release */,
			);
			defaultConfigurationIsVisible = 0;
			defaultConfigurationName = Release;
		};
/* End XCConfigurationList section */
	};
	rootObject = 3267B5ED2E03FCB80091DD81 /* Project object */;
}
